
Microsoft Visual Studio Solution File, Format Version 12.00
# Visual Studio Version 17
VisualStudioVersion = 17.10.34607.79
MinimumVisualStudioVersion = 10.0.40219.1
Project("{2150E333-8FDC-42A3-9474-1A3956D46DE8}") = "Services", "Services", "{A3A489AF-CAB5-4C78-86D5-C9A617EDB93E}"
EndProject
Project("{2150E333-8FDC-42A3-9474-1A3956D46DE8}") = "Catalog", "Catalog", "{0BD0DD2C-3550-4F0A-807C-C42316EBEBDA}"
EndProject
Project("{FAE04EC0-301F-11D3-BF4B-00C04F79EFBC}") = "MultiShop.Catalog", "Services\Catalog\MultiShop.Catalog\MultiShop.Catalog.csproj", "{5C60894A-6E59-423A-9216-98C2F1A48323}"
EndProject
Global
	GlobalSection(SolutionConfigurationPlatforms) = preSolution
		Debug|Any CPU = Debug|Any CPU
		Release|Any CPU = Release|Any CPU
	EndGlobalSection
	GlobalSection(ProjectConfigurationPlatforms) = postSolution
		{5C60894A-6E59-423A-9216-98C2F1A48323}.Debug|Any CPU.ActiveCfg = Debug|Any CPU
		{5C60894A-6E59-423A-9216-98C2F1A48323}.Debug|Any CPU.Build.0 = Debug|Any CPU
		{5C60894A-6E59-423A-9216-98C2F1A48323}.Release|Any CPU.ActiveCfg = Release|Any CPU
		{5C60894A-6E59-423A-9216-98C2F1A48323}.Release|Any CPU.Build.0 = Release|Any CPU
	EndGlobalSection
	GlobalSection(SolutionProperties) = preSolution
		HideSolutionNode = FALSE
	EndGlobalSection
	GlobalSection(NestedProjects) = preSolution
		{0BD0DD2C-3550-4F0A-807C-C42316EBEBDA} = {A3A489AF-CAB5-4C78-86D5-C9A617EDB93E}
		{5C60894A-6E59-423A-9216-98C2F1A48323} = {0BD0DD2C-3550-4F0A-807C-C42316EBEBDA}
	EndGlobalSection
	GlobalSection(ExtensibilityGlobals) = postSolution
		SolutionGuid = {B26EBBA7-783A-4FAC-B32A-421AFF537848}
	EndGlobalSection
EndGlobal
